{
  "name": "@yuuvis/framework",
  "version": "0.0.1",
  "lockfileVersion": 1,
  "requires": true,
  "dependencies": {
    "@angular/cdk": {
      "version": "7.3.7",
      "resolved": "https://registry.npmjs.org/@angular/cdk/-/cdk-7.3.7.tgz",
      "integrity": "sha512-xbXxhHHKGkVuW6K7pzPmvpJXIwpl0ykBnvA2g+/7Sgy5Pd35wCC+UtHD9RYczDM/mkygNxMQtagyCErwFnDtQA==",
      "requires": {
        "parse5": "^5.0.0",
        "tslib": "^1.7.1"
      }
    },
    "ag-grid-angular": {
      "version": "21.0.1",
      "resolved": "https://registry.npmjs.org/ag-grid-angular/-/ag-grid-angular-21.0.1.tgz",
      "integrity": "sha512-o0mhoPXbZDlxLAlwK+LPpBm5/RA6bYHqXV26yfJmx2wZ/khtT7VOiMbe9XAsGskMv+sxuR7G2FkxbxhluZzTnA=="
    },
    "ag-grid-community": {
      "version": "21.0.1",
      "resolved": "https://registry.npmjs.org/ag-grid-community/-/ag-grid-community-21.0.1.tgz",
      "integrity": "sha512-wqm6W39kImPonjRxHvnt/L6roJLxPXSopXF4pvcE1paxN7S25HNsBgTOB1uaLlQ4/xt3xSpccPbTDqVUnSxrmQ=="
    },
    "angular-resize-event": {
      "version": "1.0.0",
      "resolved": "https://registry.npmjs.org/angular-resize-event/-/angular-resize-event-1.0.0.tgz",
      "integrity": "sha512-3B1TdUhucjnNAiOpAoQdDmMawTezTcFvRkhPGiZQT+p4zBS0oaZ+smLdSxsV0XCJGgAy/y9o6XXK60hVvFAfUw==",
      "requires": {
        "css-element-queries": "1.1.1",
        "tslib": "^1.9.0"
      }
    },
    "angular-split": {
      "version": "3.0.1",
      "resolved": "https://registry.npmjs.org/angular-split/-/angular-split-3.0.1.tgz",
      "integrity": "sha512-1srYk3xmkV0vbaGjjC0wpgJaF28v1zq6g6ilty9MpLBzO9Lqaa4sBMjtZov9N49WIdjdjrZJ0z68FfKI9S002A==",
      "requires": {
        "tslib": "^1.9.0"
      }
    },
    "css-element-queries": {
      "version": "1.1.1",
      "resolved": "https://registry.npmjs.org/css-element-queries/-/css-element-queries-1.1.1.tgz",
      "integrity": "sha512-/PX6Bkk77ShgbOx/mpawHdEvS3PGgy1mmMktcztDPndWdMJxcorcQiivrs+nEljqtBpvNEhAmQky9tQR6FSm8Q=="
    },
    "parse5": {
      "version": "5.1.0",
      "resolved": "https://registry.npmjs.org/parse5/-/parse5-5.1.0.tgz",
      "integrity": "sha512-fxNG2sQjHvlVAYmzBZS9YlDp6PTSSDwa98vkD4QgVDDCAo84z5X1t5XyJQ62ImdLXx5NdIIfihey6xpum9/gRQ==",
      "optional": true
    },
    "primeng": {
      "version": "7.1.3",
      "resolved": "https://registry.npmjs.org/primeng/-/primeng-7.1.3.tgz",
      "integrity": "sha512-t+DC5VtTJBCz4fPa3wMspByhtdQYgyLEIMWok2kH1J/a/2bTXSYM31ueHKjgV8XuUaeDwMzARLTQv+V9HczIEQ=="
    },
    "tslib": {
      "version": "1.10.0",
      "resolved": "https://registry.npmjs.org/tslib/-/tslib-1.10.0.tgz",
      "integrity": "sha512-qOebF53frne81cf0S9B41ByenJ3/IuH8yJKngAX35CmiZySA0khhkovshKK+jGCaMnVomla7gVlIcc3EvKPbTQ=="
    }
  }
}
